
Microsoft Visual Studio Solution File, Format Version 12.00
# Visual Studio Version 17
VisualStudioVersion = 17.11.35312.102
MinimumVisualStudioVersion = 10.0.40219.1
Project("{9A19103F-16F7-4668-BE54-9A1E7A4F7556}") = "Factotum", "Factotum.csproj", "{6B480C86-D791-4037-A57D-D3AF8578C501}"
EndProject
Project("{FAE04EC0-301F-11D3-BF4B-00C04F79EFBC}") = "Factotum.Gui", "Gui\Framework\Factotum.Gui.csproj", "{28568BCC-BDA3-4516-9BB2-E30590F6D600}"
EndProject
Global
	GlobalSection(SolutionConfigurationPlatforms) = preSolution
		Debug|Any CPU = Debug|Any CPU
		Release|Any CPU = Release|Any CPU
	EndGlobalSection
	GlobalSection(ProjectConfigurationPlatforms) = postSolution
		{6B480C86-D791-4037-A57D-D3AF8578C501}.Debug|Any CPU.ActiveCfg = Debug|Any CPU
		{6B480C86-D791-4037-A57D-D3AF8578C501}.Debug|Any CPU.Build.0 = Debug|Any CPU
		{6B480C86-D791-4037-A57D-D3AF8578C501}.Release|Any CPU.ActiveCfg = Release|Any CPU
		{6B480C86-D791-4037-A57D-D3AF8578C501}.Release|Any CPU.Build.0 = Release|Any CPU
		{28568BCC-BDA3-4516-9BB2-E30590F6D600}.Debug|Any CPU.ActiveCfg = Debug|Any CPU
		{28568BCC-BDA3-4516-9BB2-E30590F6D600}.Debug|Any CPU.Build.0 = Debug|Any CPU
		{28568BCC-BDA3-4516-9BB2-E30590F6D600}.Release|Any CPU.ActiveCfg = Release|Any CPU
		{28568BCC-BDA3-4516-9BB2-E30590F6D600}.Release|Any CPU.Build.0 = Release|Any CPU
	EndGlobalSection
	GlobalSection(SolutionProperties) = preSolution
		HideSolutionNode = FALSE
	EndGlobalSection
	GlobalSection(ExtensibilityGlobals) = postSolution
		SolutionGuid = {8326626B-5FB7-45EE-AC14-5F5A718B5C23}
	EndGlobalSection
EndGlobal
